
Microsoft Visual Studio Solution File, Format Version 12.00
# Visual Studio Version 17
VisualStudioVersion = 17.1.32228.430
MinimumVisualStudioVersion = 10.0.40219.1
Project("{FAE04EC0-301F-11D3-BF4B-00C04F79EFBC}") = "CaseAPI.API", "CaseAPI\CaseAPI.API.csproj", "{53F16479-45E5-44EA-B3A1-15B092367DD8}"
EndProject
Project("{FAE04EC0-301F-11D3-BF4B-00C04F79EFBC}") = "CaseAPI.Entities", "CaseAPI.Entities\CaseAPI.Entities.csproj", "{E04AF41A-9E74-47D2-AB23-EA94523D9A2E}"
EndProject
Project("{FAE04EC0-301F-11D3-BF4B-00C04F79EFBC}") = "CaseAPI.DataAccess", "CaseAPI.DataAccess\CaseAPI.DataAccess.csproj", "{6905F63F-8347-4E7F-B541-542A48AAA70F}"
EndProject
Project("{FAE04EC0-301F-11D3-BF4B-00C04F79EFBC}") = "CaseAPI.Business", "CaseAPI.Business\CaseAPI.Business.csproj", "{96A98119-1208-41C0-9E51-A6E8D3408649}"
EndProject
Global
	GlobalSection(SolutionConfigurationPlatforms) = preSolution
		Debug|Any CPU = Debug|Any CPU
		Release|Any CPU = Release|Any CPU
	EndGlobalSection
	GlobalSection(ProjectConfigurationPlatforms) = postSolution
		{53F16479-45E5-44EA-B3A1-15B092367DD8}.Debug|Any CPU.ActiveCfg = Debug|Any CPU
		{53F16479-45E5-44EA-B3A1-15B092367DD8}.Debug|Any CPU.Build.0 = Debug|Any CPU
		{53F16479-45E5-44EA-B3A1-15B092367DD8}.Release|Any CPU.ActiveCfg = Release|Any CPU
		{53F16479-45E5-44EA-B3A1-15B092367DD8}.Release|Any CPU.Build.0 = Release|Any CPU
		{E04AF41A-9E74-47D2-AB23-EA94523D9A2E}.Debug|Any CPU.ActiveCfg = Debug|Any CPU
		{E04AF41A-9E74-47D2-AB23-EA94523D9A2E}.Debug|Any CPU.Build.0 = Debug|Any CPU
		{E04AF41A-9E74-47D2-AB23-EA94523D9A2E}.Release|Any CPU.ActiveCfg = Release|Any CPU
		{E04AF41A-9E74-47D2-AB23-EA94523D9A2E}.Release|Any CPU.Build.0 = Release|Any CPU
		{6905F63F-8347-4E7F-B541-542A48AAA70F}.Debug|Any CPU.ActiveCfg = Debug|Any CPU
		{6905F63F-8347-4E7F-B541-542A48AAA70F}.Debug|Any CPU.Build.0 = Debug|Any CPU
		{6905F63F-8347-4E7F-B541-542A48AAA70F}.Release|Any CPU.ActiveCfg = Release|Any CPU
		{6905F63F-8347-4E7F-B541-542A48AAA70F}.Release|Any CPU.Build.0 = Release|Any CPU
		{96A98119-1208-41C0-9E51-A6E8D3408649}.Debug|Any CPU.ActiveCfg = Debug|Any CPU
		{96A98119-1208-41C0-9E51-A6E8D3408649}.Debug|Any CPU.Build.0 = Debug|Any CPU
		{96A98119-1208-41C0-9E51-A6E8D3408649}.Release|Any CPU.ActiveCfg = Release|Any CPU
		{96A98119-1208-41C0-9E51-A6E8D3408649}.Release|Any CPU.Build.0 = Release|Any CPU
	EndGlobalSection
	GlobalSection(SolutionProperties) = preSolution
		HideSolutionNode = FALSE
	EndGlobalSection
	GlobalSection(ExtensibilityGlobals) = postSolution
		SolutionGuid = {B13B03F9-D6F2-4E88-A4CF-3125B742677A}
	EndGlobalSection
EndGlobal
